
Microsoft Visual Studio Solution File, Format Version 12.00
# Visual Studio Version 17
VisualStudioVersion = 17.0.31710.8
MinimumVisualStudioVersion = 15.0.26124.0
Project("{2150E333-8FDC-42A3-9474-1A3956D46DE8}") = "src", "src", "{B860E184-6889-41E0-89DA-B664B29509A6}"
	ProjectSection(SolutionItems) = preProject
		.editorconfig = .editorconfig
		src\CodeStyleSuppressions.cs = src\CodeStyleSuppressions.cs
		src\default.ruleset = src\default.ruleset
		src\Directory.build.props = src\Directory.build.props
		src\Directory.build.targets = src\Directory.build.targets
	EndProjectSection
EndProject
Project("{2150E333-8FDC-42A3-9474-1A3956D46DE8}") = "Infrastructure", "Infrastructure", "{CD92E9A8-9F53-4DF7-A2C9-E056DFBDA1BF}"
EndProject
Project("{9A19103F-16F7-4668-BE54-9A1E7A4F7556}") = "BlogTemplate.Mvc.App", "src\Mvc\App\BlogTemplate.Mvc.App.csproj", "{EDB38001-54CF-4957-B399-949C2C1B3BC1}"
EndProject
Project("{2150E333-8FDC-42A3-9474-1A3956D46DE8}") = "Mvc", "Mvc", "{94594988-8059-4DCA-ACBE-36D574B6897D}"
EndProject
Project("{2150E333-8FDC-42A3-9474-1A3956D46DE8}") = "Xperience", "Xperience", "{7D405550-B613-44B2-BE5D-7A7E3D85B610}"
EndProject
Project("{2150E333-8FDC-42A3-9474-1A3956D46DE8}") = "Xperience", "Xperience", "{BB2B92BB-AC45-4340-9FAA-213F7F3A2E7F}"
EndProject
Project("{9A19103F-16F7-4668-BE54-9A1E7A4F7556}") = "BlogTemplate.Mvc.Articles", "src\Mvc\Articles\BlogTemplate.Mvc.Articles.csproj", "{53139C95-7E7E-4B43-BE38-1D46DF598106}"
EndProject
Project("{9A19103F-16F7-4668-BE54-9A1E7A4F7556}") = "BlogTemplate.Infrastructure.Xperience.Abstractions", "src\Infrastructure\Xperience\Abstractions\BlogTemplate.Infrastructure.Xperience.Abstractions.csproj", "{14802443-71A2-4CDC-8EAA-C3D0C6B6A773}"
EndProject
Project("{9A19103F-16F7-4668-BE54-9A1E7A4F7556}") = "BlogTemplate.Infrastructure.Xperience.AzureMediaStorage", "src\Infrastructure\Xperience\AzureMediaStorage\BlogTemplate.Infrastructure.Xperience.AzureMediaStorage.csproj", "{10D92F08-EABA-4463-8FE2-E75EE538C6E0}"
EndProject
Project("{9A19103F-16F7-4668-BE54-9A1E7A4F7556}") = "BlogTemplate.Mvc.Authors", "src\Mvc\Authors\BlogTemplate.Mvc.Authors.csproj", "{3BE6E5D1-7219-4BC9-9323-C35AEAEBF935}"
EndProject
Project("{9A19103F-16F7-4668-BE54-9A1E7A4F7556}") = "BlogTemplate.Mvc.Home", "src\Mvc\Home\BlogTemplate.Mvc.Home.csproj", "{E5FD1802-D5BC-421B-828F-A688AEA8AADA}"
EndProject
Project("{9A19103F-16F7-4668-BE54-9A1E7A4F7556}") = "BlogTemplate.Mvc.Errors", "src\Mvc\Errors\BlogTemplate.Mvc.Errors.csproj", "{2E7A4DA6-A361-4929-9B48-4B269A707103}"
EndProject
Project("{9A19103F-16F7-4668-BE54-9A1E7A4F7556}") = "BlogTemplate.Infrastructure.Xperience.AutoMapper", "src\Infrastructure\Xperience\AutoMapper\BlogTemplate.Infrastructure.Xperience.AutoMapper.csproj", "{592CDEFC-762E-47A7-9111-5806BDE2C623}"
EndProject
Project("{2150E333-8FDC-42A3-9474-1A3956D46DE8}") = "Infrastructure", "Infrastructure", "{089D2218-3016-455F-88CB-80DA0E7C8C16}"
EndProject
Project("{9A19103F-16F7-4668-BE54-9A1E7A4F7556}") = "BlogTemplate.Mvc.Infrastructure.AutoMapper", "src\Mvc\Infrastructure\AutoMapper\BlogTemplate.Mvc.Infrastructure.AutoMapper.csproj", "{F1A42373-439B-49CC-9A8C-CFAACE85A922}"
EndProject
Project("{9A19103F-16F7-4668-BE54-9A1E7A4F7556}") = "BlogTemplate.Mvc.Infrastructure.Xperience.Abstractions", "src\Mvc\Infrastructure\Xperience\Abstractions\BlogTemplate.Mvc.Infrastructure.Xperience.Abstractions.csproj", "{050B4279-F20F-4835-A6CA-0D8384CE1565}"
EndProject
Project("{9A19103F-16F7-4668-BE54-9A1E7A4F7556}") = "BlogTemplate.Mvc.Infrastructure.Xperience.AutoMapper", "src\Mvc\Infrastructure\Xperience\AutoMapper\BlogTemplate.Mvc.Infrastructure.Xperience.AutoMapper.csproj", "{E46510A7-0845-4A3C-B857-477300CEE101}"
EndProject
Project("{9A19103F-16F7-4668-BE54-9A1E7A4F7556}") = "BlogTemplate.Mvc.Infrastructure.Xperience", "src\Mvc\Infrastructure\Xperience\Xperience\BlogTemplate.Mvc.Infrastructure.Xperience.csproj", "{B3B9B7B6-C0AF-40C5-88A5-11E67A9C3AA4}"
EndProject
Project("{9A19103F-16F7-4668-BE54-9A1E7A4F7556}") = "BlogTemplate.Mvc.About", "src\Mvc\About\BlogTemplate.Mvc.About.csproj", "{A1A05B4F-AB0F-42B3-8226-8DE3F9E51041}"
EndProject
Project("{9A19103F-16F7-4668-BE54-9A1E7A4F7556}") = "BlogTemplate.Mvc.PageBuilder", "src\Mvc\PageBuilder\BlogTemplate.Mvc.PageBuilder.csproj", "{6941C2CC-70D4-4A58-A69D-08A0B30E4274}"
EndProject
Project("{9A19103F-16F7-4668-BE54-9A1E7A4F7556}") = "BlogTemplate.Mvc.Seo", "src\Mvc\Seo\BlogTemplate.Mvc.Seo.csproj", "{22C15AD9-8EA4-4711-B15F-061CB01C98A2}"
EndProject
Global
	GlobalSection(SolutionConfigurationPlatforms) = preSolution
		Debug|Any CPU = Debug|Any CPU
		Debug|x64 = Debug|x64
		Debug|x86 = Debug|x86
		Release|Any CPU = Release|Any CPU
		Release|x64 = Release|x64
		Release|x86 = Release|x86
	EndGlobalSection
	GlobalSection(ProjectConfigurationPlatforms) = postSolution
		{EDB38001-54CF-4957-B399-949C2C1B3BC1}.Debug|Any CPU.ActiveCfg = Debug|Any CPU
		{EDB38001-54CF-4957-B399-949C2C1B3BC1}.Debug|Any CPU.Build.0 = Debug|Any CPU
		{EDB38001-54CF-4957-B399-949C2C1B3BC1}.Debug|x64.ActiveCfg = Debug|Any CPU
		{EDB38001-54CF-4957-B399-949C2C1B3BC1}.Debug|x64.Build.0 = Debug|Any CPU
		{EDB38001-54CF-4957-B399-949C2C1B3BC1}.Debug|x86.ActiveCfg = Debug|Any CPU
		{EDB38001-54CF-4957-B399-949C2C1B3BC1}.Debug|x86.Build.0 = Debug|Any CPU
		{EDB38001-54CF-4957-B399-949C2C1B3BC1}.Release|Any CPU.ActiveCfg = Release|Any CPU
		{EDB38001-54CF-4957-B399-949C2C1B3BC1}.Release|Any CPU.Build.0 = Release|Any CPU
		{EDB38001-54CF-4957-B399-949C2C1B3BC1}.Release|x64.ActiveCfg = Release|Any CPU
		{EDB38001-54CF-4957-B399-949C2C1B3BC1}.Release|x64.Build.0 = Release|Any CPU
		{EDB38001-54CF-4957-B399-949C2C1B3BC1}.Release|x86.ActiveCfg = Release|Any CPU
		{EDB38001-54CF-4957-B399-949C2C1B3BC1}.Release|x86.Build.0 = Release|Any CPU
		{53139C95-7E7E-4B43-BE38-1D46DF598106}.Debug|Any CPU.ActiveCfg = Debug|Any CPU
		{53139C95-7E7E-4B43-BE38-1D46DF598106}.Debug|Any CPU.Build.0 = Debug|Any CPU
		{53139C95-7E7E-4B43-BE38-1D46DF598106}.Debug|x64.ActiveCfg = Debug|Any CPU
		{53139C95-7E7E-4B43-BE38-1D46DF598106}.Debug|x64.Build.0 = Debug|Any CPU
		{53139C95-7E7E-4B43-BE38-1D46DF598106}.Debug|x86.ActiveCfg = Debug|Any CPU
		{53139C95-7E7E-4B43-BE38-1D46DF598106}.Debug|x86.Build.0 = Debug|Any CPU
		{53139C95-7E7E-4B43-BE38-1D46DF598106}.Release|Any CPU.ActiveCfg = Release|Any CPU
		{53139C95-7E7E-4B43-BE38-1D46DF598106}.Release|Any CPU.Build.0 = Release|Any CPU
		{53139C95-7E7E-4B43-BE38-1D46DF598106}.Release|x64.ActiveCfg = Release|Any CPU
		{53139C95-7E7E-4B43-BE38-1D46DF598106}.Release|x64.Build.0 = Release|Any CPU
		{53139C95-7E7E-4B43-BE38-1D46DF598106}.Release|x86.ActiveCfg = Release|Any CPU
		{53139C95-7E7E-4B43-BE38-1D46DF598106}.Release|x86.Build.0 = Release|Any CPU
		{14802443-71A2-4CDC-8EAA-C3D0C6B6A773}.Debug|Any CPU.ActiveCfg = Debug|Any CPU
		{14802443-71A2-4CDC-8EAA-C3D0C6B6A773}.Debug|Any CPU.Build.0 = Debug|Any CPU
		{14802443-71A2-4CDC-8EAA-C3D0C6B6A773}.Debug|x64.ActiveCfg = Debug|Any CPU
		{14802443-71A2-4CDC-8EAA-C3D0C6B6A773}.Debug|x64.Build.0 = Debug|Any CPU
		{14802443-71A2-4CDC-8EAA-C3D0C6B6A773}.Debug|x86.ActiveCfg = Debug|Any CPU
		{14802443-71A2-4CDC-8EAA-C3D0C6B6A773}.Debug|x86.Build.0 = Debug|Any CPU
		{14802443-71A2-4CDC-8EAA-C3D0C6B6A773}.Release|Any CPU.ActiveCfg = Release|Any CPU
		{14802443-71A2-4CDC-8EAA-C3D0C6B6A773}.Release|Any CPU.Build.0 = Release|Any CPU
		{14802443-71A2-4CDC-8EAA-C3D0C6B6A773}.Release|x64.ActiveCfg = Release|Any CPU
		{14802443-71A2-4CDC-8EAA-C3D0C6B6A773}.Release|x64.Build.0 = Release|Any CPU
		{14802443-71A2-4CDC-8EAA-C3D0C6B6A773}.Release|x86.ActiveCfg = Release|Any CPU
		{14802443-71A2-4CDC-8EAA-C3D0C6B6A773}.Release|x86.Build.0 = Release|Any CPU
		{10D92F08-EABA-4463-8FE2-E75EE538C6E0}.Debug|Any CPU.ActiveCfg = Debug|Any CPU
		{10D92F08-EABA-4463-8FE2-E75EE538C6E0}.Debug|Any CPU.Build.0 = Debug|Any CPU
		{10D92F08-EABA-4463-8FE2-E75EE538C6E0}.Debug|x64.ActiveCfg = Debug|Any CPU
		{10D92F08-EABA-4463-8FE2-E75EE538C6E0}.Debug|x64.Build.0 = Debug|Any CPU
		{10D92F08-EABA-4463-8FE2-E75EE538C6E0}.Debug|x86.ActiveCfg = Debug|Any CPU
		{10D92F08-EABA-4463-8FE2-E75EE538C6E0}.Debug|x86.Build.0 = Debug|Any CPU
		{10D92F08-EABA-4463-8FE2-E75EE538C6E0}.Release|Any CPU.ActiveCfg = Release|Any CPU
		{10D92F08-EABA-4463-8FE2-E75EE538C6E0}.Release|Any CPU.Build.0 = Release|Any CPU
		{10D92F08-EABA-4463-8FE2-E75EE538C6E0}.Release|x64.ActiveCfg = Release|Any CPU
		{10D92F08-EABA-4463-8FE2-E75EE538C6E0}.Release|x64.Build.0 = Release|Any CPU
		{10D92F08-EABA-4463-8FE2-E75EE538C6E0}.Release|x86.ActiveCfg = Release|Any CPU
		{10D92F08-EABA-4463-8FE2-E75EE538C6E0}.Release|x86.Build.0 = Release|Any CPU
		{3BE6E5D1-7219-4BC9-9323-C35AEAEBF935}.Debug|Any CPU.ActiveCfg = Debug|Any CPU
		{3BE6E5D1-7219-4BC9-9323-C35AEAEBF935}.Debug|Any CPU.Build.0 = Debug|Any CPU
		{3BE6E5D1-7219-4BC9-9323-C35AEAEBF935}.Debug|x64.ActiveCfg = Debug|Any CPU
		{3BE6E5D1-7219-4BC9-9323-C35AEAEBF935}.Debug|x64.Build.0 = Debug|Any CPU
		{3BE6E5D1-7219-4BC9-9323-C35AEAEBF935}.Debug|x86.ActiveCfg = Debug|Any CPU
		{3BE6E5D1-7219-4BC9-9323-C35AEAEBF935}.Debug|x86.Build.0 = Debug|Any CPU
		{3BE6E5D1-7219-4BC9-9323-C35AEAEBF935}.Release|Any CPU.ActiveCfg = Release|Any CPU
		{3BE6E5D1-7219-4BC9-9323-C35AEAEBF935}.Release|Any CPU.Build.0 = Release|Any CPU
		{3BE6E5D1-7219-4BC9-9323-C35AEAEBF935}.Release|x64.ActiveCfg = Release|Any CPU
		{3BE6E5D1-7219-4BC9-9323-C35AEAEBF935}.Release|x64.Build.0 = Release|Any CPU
		{3BE6E5D1-7219-4BC9-9323-C35AEAEBF935}.Release|x86.ActiveCfg = Release|Any CPU
		{3BE6E5D1-7219-4BC9-9323-C35AEAEBF935}.Release|x86.Build.0 = Release|Any CPU
		{E5FD1802-D5BC-421B-828F-A688AEA8AADA}.Debug|Any CPU.ActiveCfg = Debug|Any CPU
		{E5FD1802-D5BC-421B-828F-A688AEA8AADA}.Debug|Any CPU.Build.0 = Debug|Any CPU
		{E5FD1802-D5BC-421B-828F-A688AEA8AADA}.Debug|x64.ActiveCfg = Debug|Any CPU
		{E5FD1802-D5BC-421B-828F-A688AEA8AADA}.Debug|x64.Build.0 = Debug|Any CPU
		{E5FD1802-D5BC-421B-828F-A688AEA8AADA}.Debug|x86.ActiveCfg = Debug|Any CPU
		{E5FD1802-D5BC-421B-828F-A688AEA8AADA}.Debug|x86.Build.0 = Debug|Any CPU
		{E5FD1802-D5BC-421B-828F-A688AEA8AADA}.Release|Any CPU.ActiveCfg = Release|Any CPU
		{E5FD1802-D5BC-421B-828F-A688AEA8AADA}.Release|Any CPU.Build.0 = Release|Any CPU
		{E5FD1802-D5BC-421B-828F-A688AEA8AADA}.Release|x64.ActiveCfg = Release|Any CPU
		{E5FD1802-D5BC-421B-828F-A688AEA8AADA}.Release|x64.Build.0 = Release|Any CPU
		{E5FD1802-D5BC-421B-828F-A688AEA8AADA}.Release|x86.ActiveCfg = Release|Any CPU
		{E5FD1802-D5BC-421B-828F-A688AEA8AADA}.Release|x86.Build.0 = Release|Any CPU
		{2E7A4DA6-A361-4929-9B48-4B269A707103}.Debug|Any CPU.ActiveCfg = Debug|Any CPU
		{2E7A4DA6-A361-4929-9B48-4B269A707103}.Debug|Any CPU.Build.0 = Debug|Any CPU
		{2E7A4DA6-A361-4929-9B48-4B269A707103}.Debug|x64.ActiveCfg = Debug|Any CPU
		{2E7A4DA6-A361-4929-9B48-4B269A707103}.Debug|x64.Build.0 = Debug|Any CPU
		{2E7A4DA6-A361-4929-9B48-4B269A707103}.Debug|x86.ActiveCfg = Debug|Any CPU
		{2E7A4DA6-A361-4929-9B48-4B269A707103}.Debug|x86.Build.0 = Debug|Any CPU
		{2E7A4DA6-A361-4929-9B48-4B269A707103}.Release|Any CPU.ActiveCfg = Release|Any CPU
		{2E7A4DA6-A361-4929-9B48-4B269A707103}.Release|Any CPU.Build.0 = Release|Any CPU
		{2E7A4DA6-A361-4929-9B48-4B269A707103}.Release|x64.ActiveCfg = Release|Any CPU
		{2E7A4DA6-A361-4929-9B48-4B269A707103}.Release|x64.Build.0 = Release|Any CPU
		{2E7A4DA6-A361-4929-9B48-4B269A707103}.Release|x86.ActiveCfg = Release|Any CPU
		{2E7A4DA6-A361-4929-9B48-4B269A707103}.Release|x86.Build.0 = Release|Any CPU
		{592CDEFC-762E-47A7-9111-5806BDE2C623}.Debug|Any CPU.ActiveCfg = Debug|Any CPU
		{592CDEFC-762E-47A7-9111-5806BDE2C623}.Debug|Any CPU.Build.0 = Debug|Any CPU
		{592CDEFC-762E-47A7-9111-5806BDE2C623}.Debug|x64.ActiveCfg = Debug|Any CPU
		{592CDEFC-762E-47A7-9111-5806BDE2C623}.Debug|x64.Build.0 = Debug|Any CPU
		{592CDEFC-762E-47A7-9111-5806BDE2C623}.Debug|x86.ActiveCfg = Debug|Any CPU
		{592CDEFC-762E-47A7-9111-5806BDE2C623}.Debug|x86.Build.0 = Debug|Any CPU
		{592CDEFC-762E-47A7-9111-5806BDE2C623}.Release|Any CPU.ActiveCfg = Release|Any CPU
		{592CDEFC-762E-47A7-9111-5806BDE2C623}.Release|Any CPU.Build.0 = Release|Any CPU
		{592CDEFC-762E-47A7-9111-5806BDE2C623}.Release|x64.ActiveCfg = Release|Any CPU
		{592CDEFC-762E-47A7-9111-5806BDE2C623}.Release|x64.Build.0 = Release|Any CPU
		{592CDEFC-762E-47A7-9111-5806BDE2C623}.Release|x86.ActiveCfg = Release|Any CPU
		{592CDEFC-762E-47A7-9111-5806BDE2C623}.Release|x86.Build.0 = Release|Any CPU
		{F1A42373-439B-49CC-9A8C-CFAACE85A922}.Debug|Any CPU.ActiveCfg = Debug|Any CPU
		{F1A42373-439B-49CC-9A8C-CFAACE85A922}.Debug|Any CPU.Build.0 = Debug|Any CPU
		{F1A42373-439B-49CC-9A8C-CFAACE85A922}.Debug|x64.ActiveCfg = Debug|Any CPU
		{F1A42373-439B-49CC-9A8C-CFAACE85A922}.Debug|x64.Build.0 = Debug|Any CPU
		{F1A42373-439B-49CC-9A8C-CFAACE85A922}.Debug|x86.ActiveCfg = Debug|Any CPU
		{F1A42373-439B-49CC-9A8C-CFAACE85A922}.Debug|x86.Build.0 = Debug|Any CPU
		{F1A42373-439B-49CC-9A8C-CFAACE85A922}.Release|Any CPU.ActiveCfg = Release|Any CPU
		{F1A42373-439B-49CC-9A8C-CFAACE85A922}.Release|Any CPU.Build.0 = Release|Any CPU
		{F1A42373-439B-49CC-9A8C-CFAACE85A922}.Release|x64.ActiveCfg = Release|Any CPU
		{F1A42373-439B-49CC-9A8C-CFAACE85A922}.Release|x64.Build.0 = Release|Any CPU
		{F1A42373-439B-49CC-9A8C-CFAACE85A922}.Release|x86.ActiveCfg = Release|Any CPU
		{F1A42373-439B-49CC-9A8C-CFAACE85A922}.Release|x86.Build.0 = Release|Any CPU
		{050B4279-F20F-4835-A6CA-0D8384CE1565}.Debug|Any CPU.ActiveCfg = Debug|Any CPU
		{050B4279-F20F-4835-A6CA-0D8384CE1565}.Debug|Any CPU.Build.0 = Debug|Any CPU
		{050B4279-F20F-4835-A6CA-0D8384CE1565}.Debug|x64.ActiveCfg = Debug|Any CPU
		{050B4279-F20F-4835-A6CA-0D8384CE1565}.Debug|x64.Build.0 = Debug|Any CPU
		{050B4279-F20F-4835-A6CA-0D8384CE1565}.Debug|x86.ActiveCfg = Debug|Any CPU
		{050B4279-F20F-4835-A6CA-0D8384CE1565}.Debug|x86.Build.0 = Debug|Any CPU
		{050B4279-F20F-4835-A6CA-0D8384CE1565}.Release|Any CPU.ActiveCfg = Release|Any CPU
		{050B4279-F20F-4835-A6CA-0D8384CE1565}.Release|Any CPU.Build.0 = Release|Any CPU
		{050B4279-F20F-4835-A6CA-0D8384CE1565}.Release|x64.ActiveCfg = Release|Any CPU
		{050B4279-F20F-4835-A6CA-0D8384CE1565}.Release|x64.Build.0 = Release|Any CPU
		{050B4279-F20F-4835-A6CA-0D8384CE1565}.Release|x86.ActiveCfg = Release|Any CPU
		{050B4279-F20F-4835-A6CA-0D8384CE1565}.Release|x86.Build.0 = Release|Any CPU
		{E46510A7-0845-4A3C-B857-477300CEE101}.Debug|Any CPU.ActiveCfg = Debug|Any CPU
		{E46510A7-0845-4A3C-B857-477300CEE101}.Debug|Any CPU.Build.0 = Debug|Any CPU
		{E46510A7-0845-4A3C-B857-477300CEE101}.Debug|x64.ActiveCfg = Debug|Any CPU
		{E46510A7-0845-4A3C-B857-477300CEE101}.Debug|x64.Build.0 = Debug|Any CPU
		{E46510A7-0845-4A3C-B857-477300CEE101}.Debug|x86.ActiveCfg = Debug|Any CPU
		{E46510A7-0845-4A3C-B857-477300CEE101}.Debug|x86.Build.0 = Debug|Any CPU
		{E46510A7-0845-4A3C-B857-477300CEE101}.Release|Any CPU.ActiveCfg = Release|Any CPU
		{E46510A7-0845-4A3C-B857-477300CEE101}.Release|Any CPU.Build.0 = Release|Any CPU
		{E46510A7-0845-4A3C-B857-477300CEE101}.Release|x64.ActiveCfg = Release|Any CPU
		{E46510A7-0845-4A3C-B857-477300CEE101}.Release|x64.Build.0 = Release|Any CPU
		{E46510A7-0845-4A3C-B857-477300CEE101}.Release|x86.ActiveCfg = Release|Any CPU
		{E46510A7-0845-4A3C-B857-477300CEE101}.Release|x86.Build.0 = Release|Any CPU
		{B3B9B7B6-C0AF-40C5-88A5-11E67A9C3AA4}.Debug|Any CPU.ActiveCfg = Debug|Any CPU
		{B3B9B7B6-C0AF-40C5-88A5-11E67A9C3AA4}.Debug|Any CPU.Build.0 = Debug|Any CPU
		{B3B9B7B6-C0AF-40C5-88A5-11E67A9C3AA4}.Debug|x64.ActiveCfg = Debug|Any CPU
		{B3B9B7B6-C0AF-40C5-88A5-11E67A9C3AA4}.Debug|x64.Build.0 = Debug|Any CPU
		{B3B9B7B6-C0AF-40C5-88A5-11E67A9C3AA4}.Debug|x86.ActiveCfg = Debug|Any CPU
		{B3B9B7B6-C0AF-40C5-88A5-11E67A9C3AA4}.Debug|x86.Build.0 = Debug|Any CPU
		{B3B9B7B6-C0AF-40C5-88A5-11E67A9C3AA4}.Release|Any CPU.ActiveCfg = Release|Any CPU
		{B3B9B7B6-C0AF-40C5-88A5-11E67A9C3AA4}.Release|Any CPU.Build.0 = Release|Any CPU
		{B3B9B7B6-C0AF-40C5-88A5-11E67A9C3AA4}.Release|x64.ActiveCfg = Release|Any CPU
		{B3B9B7B6-C0AF-40C5-88A5-11E67A9C3AA4}.Release|x64.Build.0 = Release|Any CPU
		{B3B9B7B6-C0AF-40C5-88A5-11E67A9C3AA4}.Release|x86.ActiveCfg = Release|Any CPU
		{B3B9B7B6-C0AF-40C5-88A5-11E67A9C3AA4}.Release|x86.Build.0 = Release|Any CPU
		{A1A05B4F-AB0F-42B3-8226-8DE3F9E51041}.Debug|Any CPU.ActiveCfg = Debug|Any CPU
		{A1A05B4F-AB0F-42B3-8226-8DE3F9E51041}.Debug|Any CPU.Build.0 = Debug|Any CPU
		{A1A05B4F-AB0F-42B3-8226-8DE3F9E51041}.Debug|x64.ActiveCfg = Debug|Any CPU
		{A1A05B4F-AB0F-42B3-8226-8DE3F9E51041}.Debug|x64.Build.0 = Debug|Any CPU
		{A1A05B4F-AB0F-42B3-8226-8DE3F9E51041}.Debug|x86.ActiveCfg = Debug|Any CPU
		{A1A05B4F-AB0F-42B3-8226-8DE3F9E51041}.Debug|x86.Build.0 = Debug|Any CPU
		{A1A05B4F-AB0F-42B3-8226-8DE3F9E51041}.Release|Any CPU.ActiveCfg = Release|Any CPU
		{A1A05B4F-AB0F-42B3-8226-8DE3F9E51041}.Release|Any CPU.Build.0 = Release|Any CPU
		{A1A05B4F-AB0F-42B3-8226-8DE3F9E51041}.Release|x64.ActiveCfg = Release|Any CPU
		{A1A05B4F-AB0F-42B3-8226-8DE3F9E51041}.Release|x64.Build.0 = Release|Any CPU
		{A1A05B4F-AB0F-42B3-8226-8DE3F9E51041}.Release|x86.ActiveCfg = Release|Any CPU
		{A1A05B4F-AB0F-42B3-8226-8DE3F9E51041}.Release|x86.Build.0 = Release|Any CPU
		{6941C2CC-70D4-4A58-A69D-08A0B30E4274}.Debug|Any CPU.ActiveCfg = Debug|Any CPU
		{6941C2CC-70D4-4A58-A69D-08A0B30E4274}.Debug|Any CPU.Build.0 = Debug|Any CPU
		{6941C2CC-70D4-4A58-A69D-08A0B30E4274}.Debug|x64.ActiveCfg = Debug|Any CPU
		{6941C2CC-70D4-4A58-A69D-08A0B30E4274}.Debug|x64.Build.0 = Debug|Any CPU
		{6941C2CC-70D4-4A58-A69D-08A0B30E4274}.Debug|x86.ActiveCfg = Debug|Any CPU
		{6941C2CC-70D4-4A58-A69D-08A0B30E4274}.Debug|x86.Build.0 = Debug|Any CPU
		{6941C2CC-70D4-4A58-A69D-08A0B30E4274}.Release|Any CPU.ActiveCfg = Release|Any CPU
		{6941C2CC-70D4-4A58-A69D-08A0B30E4274}.Release|Any CPU.Build.0 = Release|Any CPU
		{6941C2CC-70D4-4A58-A69D-08A0B30E4274}.Release|x64.ActiveCfg = Release|Any CPU
		{6941C2CC-70D4-4A58-A69D-08A0B30E4274}.Release|x64.Build.0 = Release|Any CPU
		{6941C2CC-70D4-4A58-A69D-08A0B30E4274}.Release|x86.ActiveCfg = Release|Any CPU
		{6941C2CC-70D4-4A58-A69D-08A0B30E4274}.Release|x86.Build.0 = Release|Any CPU
		{22C15AD9-8EA4-4711-B15F-061CB01C98A2}.Debug|Any CPU.ActiveCfg = Debug|Any CPU
		{22C15AD9-8EA4-4711-B15F-061CB01C98A2}.Debug|Any CPU.Build.0 = Debug|Any CPU
		{22C15AD9-8EA4-4711-B15F-061CB01C98A2}.Debug|x64.ActiveCfg = Debug|Any CPU
		{22C15AD9-8EA4-4711-B15F-061CB01C98A2}.Debug|x64.Build.0 = Debug|Any CPU
		{22C15AD9-8EA4-4711-B15F-061CB01C98A2}.Debug|x86.ActiveCfg = Debug|Any CPU
		{22C15AD9-8EA4-4711-B15F-061CB01C98A2}.Debug|x86.Build.0 = Debug|Any CPU
		{22C15AD9-8EA4-4711-B15F-061CB01C98A2}.Release|Any CPU.ActiveCfg = Release|Any CPU
		{22C15AD9-8EA4-4711-B15F-061CB01C98A2}.Release|Any CPU.Build.0 = Release|Any CPU
		{22C15AD9-8EA4-4711-B15F-061CB01C98A2}.Release|x64.ActiveCfg = Release|Any CPU
		{22C15AD9-8EA4-4711-B15F-061CB01C98A2}.Release|x64.Build.0 = Release|Any CPU
		{22C15AD9-8EA4-4711-B15F-061CB01C98A2}.Release|x86.ActiveCfg = Release|Any CPU
		{22C15AD9-8EA4-4711-B15F-061CB01C98A2}.Release|x86.Build.0 = Release|Any CPU
	EndGlobalSection
	GlobalSection(SolutionProperties) = preSolution
		HideSolutionNode = FALSE
	EndGlobalSection
	GlobalSection(NestedProjects) = preSolution
		{CD92E9A8-9F53-4DF7-A2C9-E056DFBDA1BF} = {B860E184-6889-41E0-89DA-B664B29509A6}
		{EDB38001-54CF-4957-B399-949C2C1B3BC1} = {94594988-8059-4DCA-ACBE-36D574B6897D}
		{94594988-8059-4DCA-ACBE-36D574B6897D} = {B860E184-6889-41E0-89DA-B664B29509A6}
		{7D405550-B613-44B2-BE5D-7A7E3D85B610} = {CD92E9A8-9F53-4DF7-A2C9-E056DFBDA1BF}
		{BB2B92BB-AC45-4340-9FAA-213F7F3A2E7F} = {089D2218-3016-455F-88CB-80DA0E7C8C16}
		{53139C95-7E7E-4B43-BE38-1D46DF598106} = {94594988-8059-4DCA-ACBE-36D574B6897D}
		{14802443-71A2-4CDC-8EAA-C3D0C6B6A773} = {7D405550-B613-44B2-BE5D-7A7E3D85B610}
		{10D92F08-EABA-4463-8FE2-E75EE538C6E0} = {7D405550-B613-44B2-BE5D-7A7E3D85B610}
		{3BE6E5D1-7219-4BC9-9323-C35AEAEBF935} = {94594988-8059-4DCA-ACBE-36D574B6897D}
		{E5FD1802-D5BC-421B-828F-A688AEA8AADA} = {94594988-8059-4DCA-ACBE-36D574B6897D}
		{2E7A4DA6-A361-4929-9B48-4B269A707103} = {94594988-8059-4DCA-ACBE-36D574B6897D}
		{592CDEFC-762E-47A7-9111-5806BDE2C623} = {7D405550-B613-44B2-BE5D-7A7E3D85B610}
		{089D2218-3016-455F-88CB-80DA0E7C8C16} = {94594988-8059-4DCA-ACBE-36D574B6897D}
		{F1A42373-439B-49CC-9A8C-CFAACE85A922} = {089D2218-3016-455F-88CB-80DA0E7C8C16}
		{050B4279-F20F-4835-A6CA-0D8384CE1565} = {BB2B92BB-AC45-4340-9FAA-213F7F3A2E7F}
		{E46510A7-0845-4A3C-B857-477300CEE101} = {BB2B92BB-AC45-4340-9FAA-213F7F3A2E7F}
		{B3B9B7B6-C0AF-40C5-88A5-11E67A9C3AA4} = {BB2B92BB-AC45-4340-9FAA-213F7F3A2E7F}
		{A1A05B4F-AB0F-42B3-8226-8DE3F9E51041} = {94594988-8059-4DCA-ACBE-36D574B6897D}
		{6941C2CC-70D4-4A58-A69D-08A0B30E4274} = {94594988-8059-4DCA-ACBE-36D574B6897D}
		{22C15AD9-8EA4-4711-B15F-061CB01C98A2} = {94594988-8059-4DCA-ACBE-36D574B6897D}
	EndGlobalSection
	GlobalSection(ExtensibilityGlobals) = postSolution
		SolutionGuid = {BFB6A919-F1DF-436F-9252-D5741A1B7341}
	EndGlobalSection
EndGlobal
